candidate_schema=canonical-sam3_1-source-runtime-candidate-v4
official_artifact_publication_schema=canonical-sam3_1-official-artifact-publication-receipt-v1
private_artifact_ingest_schema=canonical-sam3_1-private-artifact-ingest-receipt-v3
source_checkpoint_qualification_schema=canonical-sam3_1-source-checkpoint-compatibility-qualification-v1
source_checkpoint_qualification_worker_request_schema=canonical-sam3_1-source-checkpoint-qualification-worker-request-v1
source_checkpoint_qualification_worker_result_schema=canonical-sam3_1-source-checkpoint-qualification-worker-result-v1
image_build_artifact_binding_schema=canonical-sam3_1-image-build-artifact-binding-v2
private_image_build_capsule_manifest_schema=canonical-sam3_1-private-image-build-capsule-manifest-v2
cloud_image_build_authority_schema=canonical-sam3_1-cloud-image-build-authority-v2
cloud_image_build_submission_schema=canonical-sam3_1-cloud-image-build-submission-v1
cloud_image_build_terminal_observation_schema=canonical-sam3_1-cloud-image-build-terminal-observation-v1
cloud_image_supply_chain_release_schema=canonical-sam3_1-cloud-image-supply-chain-release-v1
cloud_build_builder_image=gcr.io/cloud-builders/docker@sha256:f8b08c609fdc392ee6827ff3e1725e4980f7d96bde9f76f4695086405c96c147
cloud_build_builder_image_observed_at=2026-08-03T12:51:34Z
canonical_model_artifact_bucket=reeditpro-production-reeditpro-model-artifacts
canonical_image_build_input_bucket=reeditpro-production-reeditpro-image-build-inputs
checkpoint_bytes_in_image_build_capsule=false
local_developer_install_allowed=false
immutable_image_digest_reread=false
spdx_2_3_sbom_reread=false
artifact_analysis_vulnerability_scan_passed=false
cosign_kms_signature_verified=false
slsa_v1_build_provenance_verified=false
image_supply_chain_qualified=false
operation_id=tool.sam3_1.segment_and_track_subject.v1
canonical_tool_id=sam3_1
official_source_repository=https://github.com/facebookresearch/sam3.git
official_source_revision=96914d2425f90a64f45ca977c2b5165418099543
official_source_tree=573deb167702e014829a5b830de8ae62abe891d5
official_source_parent=6dbb02bd38288df755dfa1378000a861e65b84f6
official_source_committed_at=2026-07-30T17:21:37-07:00
official_release=SAM_3.1
official_release_date=2026-03-27
source_license_file_sha256=4dea99bfaa016e21bc860d73f344236bd1e5c4977d1a9a8fd32f822b500ae1be
source_git_archive_format=git_archive_tar_uncompressed
source_git_archive_prefix=sam3/
source_git_archive_byte_length=73605120
source_git_archive_sha256=5138f0e396de40a40ef0168c106e089aacbbf1dc7651be2f81c76f89c2f67f2a
source_pyproject_sha256=255f5d8d1db011459878e3de296a6afc84e03a8dda2bfa756a4de304aaff6366
source_model_builder_sha256=d71d6d3e485ec3eae48bbc2ba676f401b5853d65c4195a91d077b04da38121c2
source_base_predictor_sha256=e6ac612276ab208fa486499507175acc3f93fd6aab753dd553468b3330ad536b
source_multiplex_video_predictor_sha256=15abe64bff63c95b8bcb67b5af0818b1b3783eb6537ec4d8b3a5e6b56915d1c1
source_submodules_required=false
source_archive_ingested=false
source_security_scan_passed=false
source_license_approved=false
checkpoint_repository=facebook/sam3.1
checkpoint_repository_revision=daa63191845a41281374e725f4c9e51c7a824460
checkpoint_file=sam3.1_multiplex.pt
checkpoint_repository_gating=manual
checkpoint_hosted_inference_provider_available=false
checkpoint_transformers_integration_available=false
checkpoint_known_public_compatibility_issue=facebookresearch_sam3_526
checkpoint_known_public_compatibility_issue_state_at_review=open
checkpoint_known_public_compatibility_issue_observed_at=2026-08-06
checkpoint_pinned_source_compatibility_may_be_assumed=false
checkpoint_unreviewed_key_rewrite_allowed=false
checkpoint_partial_tracker_load_warning_may_qualify_compatibility=false
checkpoint_strict_final_assembled_video_model_may_qualify_without_issue_closure=true
checkpoint_strict_qualification_requires_single_checkpoint_load=true
checkpoint_strict_qualification_requires_exact_model_key_set=true
checkpoint_strict_qualification_requires_complete_video_probe=true
checkpoint_exact_byte_length_without_authorized_download=false
checkpoint_exact_sha256_without_authorized_download=false
checkpoint_third_party_mirror_or_scan_is_canonical=false
checkpoint_third_party_mirror_download_allowed=false
checkpoint_exact_downloaded_byte_length=pending_authorized_human_ingest
checkpoint_exact_downloaded_sha256=pending_authorized_human_ingest
checkpoint_terms_accepted=false
checkpoint_license_approved=false
checkpoint_malware_scan_passed=false
checkpoint_private_artifact_ingested=false
checkpoint_cloud_only_official_publication_operator_implemented=true
checkpoint_official_publication_receipt_observed=false
source_checkpoint_qualification_operator_contract_implemented=true
source_checkpoint_qualification_fixed_a100_worker_source_implemented=true
source_checkpoint_qualification_immutable_image_digest_required=true
source_checkpoint_qualification_image_supply_chain_release_required=true
source_checkpoint_qualification_terminal_job_image_reread_required=true
source_checkpoint_qualification_request_result_create_only_reread_required=true
source_checkpoint_qualification_private_mount_modes_reread_required=true
source_checkpoint_qualification_automatic_retry_count_required=0
source_checkpoint_qualification_dependency_wheel_manifest_reread_required=true
source_checkpoint_qualification_local_developer_execution_allowed=false
source_checkpoint_qualification_checkpoint_baked_into_image=false
source_checkpoint_qualification_network_egress_allowed=false
source_checkpoint_qualification_private_network=projects/reeditpro/global/networks/weeditpro-gpu-private
source_checkpoint_qualification_private_subnetwork=projects/reeditpro/regions/us-central1/subnetworks/weeditpro-gpu-private-us-central1
source_checkpoint_qualification_no_external_ip_required=true
source_checkpoint_qualification_batch_managed_gpu_driver_installation_required=true
source_checkpoint_qualification_checkpoint_loaded_exactly_once_required=true
source_checkpoint_qualification_deterministic_probe_runs_required=3
source_checkpoint_qualification_receipt_observed=false
qualification_image_capsule_schema=canonical-sam3_1-qualification-image-capsule-manifest-v1
qualification_image_build_authority_schema=canonical-sam3_1-qualification-image-build-authority-v1
qualification_image_build_submission_schema=canonical-sam3_1-qualification-image-build-submission-v1
qualification_image_build_terminal_schema=canonical-sam3_1-qualification-image-build-terminal-observation-v1
qualification_image_build_same_canonical_cloud_build_owner=true
qualification_image_build_durable_single_use_before_cloud_call=true
qualification_image_build_network_dependency_install_allowed=false
qualification_image_build_checkpoint_included=false
qualification_image_build_source_checkpoint_receipt_included=false
qualification_image_build_automatic_retry_after_unknown_allowed=false
qualification_image_build_immutable_digest_observed=false
qualification_image_build_supply_chain_release_observed=false
qualification_image_supply_chain_admission_schema=canonical-sam3_1-qualification-image-supply-chain-build-admission-v1
qualification_image_supply_chain_submission_schema=canonical-sam3_1-qualification-image-supply-chain-build-submission-v1
qualification_image_supply_chain_observation_schema=canonical-sam3_1-qualification-image-supply-chain-build-observation-v1
qualification_image_supply_chain_same_canonical_owner=true
qualification_image_supply_chain_durable_single_use_before_cloud_call=true
qualification_image_supply_chain_checkpoint_or_receipt_included=false
qualification_image_supply_chain_automatic_retry_after_unknown_allowed=false
qualification_image_supply_chain_evidence_exact_reread_observed=false
qualification_image_supply_chain_release_schema=canonical-sam3_1-qualification-image-supply-chain-release-v1
qualification_image_supply_chain_release_repository_schema=canonical-sam3_1-qualification-image-supply-chain-release-repository-v1
qualification_image_supply_chain_release_source_implemented=true
qualification_image_supply_chain_release_create_only_exact_reread=true
qualification_image_supply_chain_same_private_reader_owner=true
qualification_image_supply_chain_google_read_url_allowlist_closed=true
qualification_image_supply_chain_requires_zero_critical_high_unknown=true
qualification_image_supply_chain_runtime_authority_granted=false
qualification_image_supply_chain_release_granted=false
python_minimum=3.12
torch_minimum=2.7
cuda_minimum=12.6
candidate_python=3.12
candidate_torch=2.10.0
candidate_torchvision=0.25.0+cu128
candidate_torchcodec=0.10.0+cu128
candidate_einops=0.8.2
candidate_einops_wheel_byte_length=65638
candidate_einops_wheel_sha256=54058201ac7087911181bfec4af6091bb59380360f069276601256a76af08193
candidate_einops_private_object_generation=1786106120404202
candidate_einops_private_object_etag=COr52ebDjpYDEAE=
candidate_einops_private_object_crc32c=3ZXoDQ==
candidate_einops_private_object_md5=VgVBa69BbCkvkil713qLaA==
candidate_einops_ingest_receipt_generation=1786106528199762
candidate_einops_ingest_receipt_etag=CNLok6nFjpYDEAE=
candidate_einops_ingest_receipt_sha256=d882124bbea8f586e16df53c7062ffce3d9e1499c350ae1ccec0b25fab870608
candidate_einops_license=MIT
candidate_einops_license_file_sha256=30d984364296f51ffaecad4b01ee127e95250c5068918d4b66fc96206723e434
candidate_einops_private_malware_scan_passed=true
candidate_einops_developer_machine_install_performed=false
candidate_einops_runtime_resolution_allowed=false
sam_core_unconditionally_imports_einops=true
candidate_pycocotools=2.0.11
candidate_pycocotools_wheel_byte_length=411685
candidate_pycocotools_wheel_sha256=a82d1c9ed83f75da0b3f244f2a3cf559351a283307bd9b79a4ee2b93ab3231dd
candidate_pycocotools_private_object_generation=1786112742762071
candidate_pycocotools_private_object_etag=CNfMvrzcjpYDEAE=
candidate_pycocotools_private_object_crc32c=ZEnLOQ==
candidate_pycocotools_private_object_md5=juk9M5ONih9l9bQhhySoxA==
candidate_pycocotools_ingest_receipt_generation=1786112748711226
candidate_pycocotools_ingest_receipt_etag=CLraqb/cjpYDEAE=
candidate_pycocotools_ingest_receipt_sha256=a47f679998c2a8d93d1f8e579a94a00bf4c9ca6ac9f7f40a9486a645177fdea3
candidate_pycocotools_license=FreeBSD
candidate_pycocotools_native_extension_import_verified=true
candidate_pycocotools_private_malware_scan_passed=true
candidate_pycocotools_developer_machine_install_performed=false
candidate_pycocotools_runtime_resolution_allowed=false
sam_core_unconditionally_imports_pycocotools=true
candidate_cuda=12.8
candidate_cuda_npp_package=libnpp-12-8
candidate_cuda_npp_package_version=12.3.3.100-1
candidate_cuda_npp_package_byte_length=131485608
candidate_cuda_npp_package_sha256=54febea3b7a793e65318647c0548c0fea2416ef0a7dc70c672c6877f3bcba992
candidate_cuda_npp_private_object_generation=1786101660398565
candidate_cuda_npp_private_object_etag=COXngJizjpYDEAE=
candidate_cuda_npp_libraries=libnppc.so.12,libnppicc.so.12
candidate_cuda_npp_license=NVIDIA_CUDA_Toolkit_EULA
candidate_cuda_npp_license_file_sha256=e2c71babfd18a8e69542dd7e9ca018f9caa438094001a58e6bc4d8c999bf0d07
candidate_cuda_npp_complete_toolkit_copied=false
candidate_torchcodec_exact_npp_runtime_closure_required=true
candidate_ffmpeg=8.0.3
candidate_ffmpeg_license=LGPL-2.1-or-later
candidate_nv_codec_headers=n12.2.72.0
candidate_ffmpeg_nvdec_cuvid_required=true
candidate_torchcodec_cpu_fallback_allowed=false
reeditpro_gpu_decode_patch_sha256=daf5dfb59dbe6809eb2731b43e13d91b1679c271f0f4af11962236ffe83eb6ca
reeditpro_gpu_decode_patch_applies_to_pinned_source=true
reeditpro_gpu_decode_patch_semantic_audit_passed=true
reeditpro_patched_source_tree=f3a58b95a0e460d76e1cf38abff0382a7307f67d
reeditpro_patched_source_archive_format=git_archive_tree_tar_uncompressed_fixed_mtime
reeditpro_patched_source_archive_prefix=sam3/
reeditpro_patched_source_archive_mtime=2026-07-30T17:21:37-07:00
reeditpro_patched_source_archive_byte_length=73605120
reeditpro_patched_source_archive_sha256=b692268f0e295673d5c5cc2fc14e7813847effc5e371e32cb18c1861b4c8adfb
caller_supplied_patched_source_archive_hash_allowed=false
candidate_base_image=pytorch/pytorch@sha256:b85566342b86d13a67712e9315d40cdc2dad7f8d86df1aff3831f80835edbcca
candidate_base_image_platform=linux/amd64
candidate_base_image_observed_at=2026-08-02T12:39:12Z
cloud_run_l4_documented_driver_branch=535.x
cloud_run_l4_documented_cuda_driver_capability=12.2
cuda_forward_compat_package_name=cuda-compat-12-8
cuda_forward_compat_package_version=570.211.01-0ubuntu1
cuda_forward_compat_package_repository=https://developer.download.nvidia.com/compute/cuda/repos/ubuntu2404/x86_64
cuda_forward_compat_package_file=cuda-compat-12-8_570.211.01-0ubuntu1_amd64.deb
cuda_forward_compat_package_byte_length=37945232
cuda_forward_compat_package_sha256=e980bf55b8d1f6390f07968df46644c971a52f4e4129067d33d1445fac716893
cuda_forward_compat_package_architecture=amd64
cuda_forward_compat_library_path=/usr/local/cuda-12.8/compat
cuda_forward_compat_minimum_host_driver_major=535
cuda_forward_compat_used_below_driver_major=570
cuda_host_driver_libraries_used_at_or_above_driver_major=570
cuda_runtime_driver_and_loaded_library_evidence_required=true
cuda_forward_compat_package_ingested=false
cuda_forward_compat_package_security_scan_passed=false
cuda_forward_compat_a100_qualified=false
cuda_forward_compat_l4_qualified=false
fixed_builder=build_sam3_multiplex_video_predictor
fixed_maximum_tracked_objects_product_cap=16
fixed_multiplex_bucket_size=16
fixed_use_flash_attention_3=false
fixed_use_real_valued_rope=true
fixed_torch_compile=false
fixed_warmup_compile=false
fixed_gpu_decode_backend=torchcodec_0.10_cuda_nvdec
fixed_gpu_decode_required=true
fixed_cpu_opencv_or_pillow_decode_allowed=false
fixed_strict_checkpoint_load_required=true
fixed_cuda_output_tensors_required=true
fixed_bounded_cpu_output_serialization_only=true
fixed_reeditpro_admissible_source_media=private_read_only_mp4
fixed_request_api=handle_request
fixed_streaming_request_api=handle_stream_request
fixed_lifecycle=start_session,add_prompt,propagate_in_video,close_session
fixed_propagation_direction=forward
fixed_output_fields=out_obj_ids,out_boxes_xywh,out_binary_masks
server_compiled_approved_subject_prompt_required=true
caller_raw_chat_or_executable_text_allowed=false
source_checkpoint_strict_compatibility_qualified=false
exact_base_image_digest_observed=b85566342b86d13a67712e9315d40cdc2dad7f8d86df1aff3831f80835edbcca
exact_base_image_dependency_closure_qualified=false
exact_base_image_build_use_authorized=false
exact_wheel_and_native_library_hashes=pending
primary_profile=quality_a100_80gb_user_triggered_heavy_job_v1
fallback_profile=quality_l4_user_triggered_heavy_fallback_job_v1
minimum_idle_a100_jobs=0
minimum_idle_l4_jobs=0
runtime_download_allowed=false
cpu_only_heavy_execution_allowed=false
cost_only_fallback_allowed=false
production_ready=false
