platform=linux/amd64
nvidia_cuda_base=nvidia/cuda:12.3.2-cudnn9-runtime-ubuntu22.04
nvidia_cuda_base_index_digest=sha256:fa44193567d1908f7ca1f3abf8623ce9c63bc8cba7bcfdb32702eb04d326f7a8
nvidia_cuda_base_amd64_digest=sha256:edc99e084ef003e1e6f180dbe2e9f64496c61254cb109c09060532c2d3b61d75
cuda_version=12.3.2
cudnn_major=9
python_version=3.11.14
python_source_url=https://www.python.org/ftp/python/3.11.14/Python-3.11.14.tgz
python_source_byte_length=26561042
python_source_sha256=563d2a1b2a5ba5d5409b5ecd05a0e1bf9b028cf3e6a6f0c87a5dc8dc3f2d9182
rembg_version=2.0.76
rembg_source_revision=98f3a9fa5397f03a3101cbdb0c7d7b51f4e95bbb
rembg_u2netp_source_sha256=f0f0f344f5bb19505ab3570d226a73512f99ff28b021d563247776a44969b501
onnxruntime_gpu_version=1.27.0
numpy_version=2.4.6
pillow_version=12.3.0
model_artifact_id=rembg-u2netp-onnx
model_revision=rembg-v0.0.0-u2netp-309c8469258d
model_file=u2netp.onnx
model_byte_length=4574861
model_sha256=309c8469258dda742793dce0ebea8e6dd393174f89934733ecc8b14c76f4ddd8
runtime_network_fetch_allowed=false
runtime_model_download_allowed=false
runtime_cpu_fallback_allowed=false
