candidate_schema=weeditpro-sam3_1-source-preparation-l4-image-candidate-v1
product=WeEditPro
operation_owner=sam3_1_source_preparation
operation_id=tool.sam3_1.prepare_qualification_source.v1
accelerator_class=nvidia-l4
normal_gpu_route=true
heavy_model_route=false
user_triggered_scale_from_zero=true
substantive_cpu_media_processing_allowed=false
runtime_network_download_allowed=false
caller_path_url_bytes_command_or_environment_allowed=false
node_runtime=node-24.13.1-bookworm-slim-amd64
node_runtime_digest=sha256:85a395c77b811fa7f5b5e4aa69cd6eb4c3b80c7f1a8e34704dc0ce061e5b404e
ffmpeg_builder=gcc-14.2.0-bookworm-amd64
ffmpeg_builder_digest=sha256:82549aa8f90ada3236a8be70c74543132a76662ef33f0c3271ed802b81584a82
ffmpeg_version=8.0.3
ffmpeg_source_sha256=5c868087e6a0d4243b97776c16f3bfe1511cc53f15c26c822b393a3289608121
ffmpeg_license=LGPL-2.1-or-later
ffmpeg_gpl_components_enabled=false
ffmpeg_nonfree_components_enabled=false
pkgconf_version=3.0.4
pkgconf_source_sha256=67dd778366d1a094f26a9bf5ad0cce1b2e25588420c49a4c9fea6452a6eef829
pkgconf_license=ISC
nv_codec_headers_version=n12.2.72.0
nv_codec_headers_source_sha256=dbeaec433d93b850714760282f1d0992b1254fc3b5a6cb7d76fc1340a1e47563
nv_codec_headers_license=MIT
gpu_decode_profile=ffmpeg-cuda-h264-cuvid-fixed-v1
gpu_encode_profile=h264-nvenc-p7-hq-constqp20-bt709-fixed-v1
ffprobe_execution_mode=metadata-only
gpu_decode_frame_count_verification=true
source_audio_removed=true
source_resolution_preserved=true
source_pixel_exactness_claimed=false
lossless_encoding_claimed=false
model_or_checkpoint_included=false
immutable_image_digest_reread=false
real_l4_qualification_reread=false
production_ready=false
