contract=weeditpro-comfyui-offline-source-closure-v1
platform=linux/amd64
python_version=3.10.12
cuda_runtime_family=12.4
wheel_install_network_mode=none
wheel_install_index_mode=no_index
wheel_install_dependency_resolution=no_deps
wheel_artifact_count=35
wheel_artifact_total_byte_length=486459097
wheel_manifest_sha256=cc63d5e32c32497953482f864c5cd47bf9ef48ee59dca9ab484211af665c37e9
source_archive_count=3
source.0.code=comfyui_host
source.0.revision=093d571b83e7a79833200e199b46b9f5a62217f9
source.0.tree=15652258f4c49f079158fd492479d379aedbc240
source.0.file_count=991
source.0.byte_length=44175360
source.0.sha256=dfc771e822aeef3956a3295834a211b36a72e8dce1a7f2bf6b8327a311af9948
source.1.code=generic_ipadapter_extension
source.1.revision=b188a6cb39b512a9c6da7235b880af42c78ccd0d
source.1.tree=8e16f8055ae089c28a68c2d9711c1d5d93bb52b8
source.1.file_count=35
source.1.byte_length=778240
source.1.sha256=8565104c6a20e2e092bc895a72b8dcf588c0165f0de0f4f01dc0f735d2af50ec
source.2.code=controlnet_aux_extension
source.2.revision=e8b689a513c3e6b63edc44066560ca5919c0576e
source.2.tree=d2ca43d24a80346e9604df26fb1f2d2db58bd07b
source.2.file_count=746
source.2.byte_length=49551360
source.2.sha256=6ab94365c94e7c4a02be19d1ad5921c5ac490c0539bd1b38fc0d1516225d9b4e
runtime_network_fetch_allowed=false
runtime_model_download_allowed=false
runtime_external_listen_allowed=false
runtime_cpu_fallback_allowed=false
production_qualified=false
