schema=reeditpro-ffmpeg-source-provenance-v1
product_ready=false
production_encoding_ready=false
final_export_allowed=false
private_mezzanine_finalization_allowed=true
private_first_object_mezzanine_chunk_allowed=true
private_continuous_program_audio_allowed=true
ffmpeg_version=8.1.2
ffmpeg_release_date=2026-06-17
ffmpeg_source_url=https://ffmpeg.org/releases/ffmpeg-8.1.2.tar.xz
ffmpeg_source_sha256=464beb5e7bf0c311e68b45ae2f04e9cc2af88851abb4082231742a74d97b524c
ffmpeg_signature_url=https://ffmpeg.org/releases/ffmpeg-8.1.2.tar.xz.asc
ffmpeg_signature_sha256=0a0963fccd70597838073f3e31b20f4a4d8cc2b5e577472c9a5a1f22624246f8
ffmpeg_signing_key_url=https://ffmpeg.org/ffmpeg-devel.asc
ffmpeg_signing_key_sha256=397b3becedcd5a98769967ff1ff8501ddc89f8368b8f766e4701377d7dbaabe5
ffmpeg_signing_key_fingerprint=FCF986EA15E6E293A5644F10B4322F04D67658D8
signature_verified_locally=true
signature_verified_at_utc=2026-07-10
debian_base=debian:bookworm-slim
debian_base_index_digest=sha256:60eac759739651111db372c07be67863818726f754804b8707c90979bda511df
debian_snapshot=20260623T000000Z
build_essential_version=12.9
xz_utils_version=5.4.1-1
source_date_epoch=1781664539
gpl_enabled=false
nonfree_enabled=false
version3_enabled=false
network_enabled=false
h264_encoder_compiled=false
hevc_encoder_compiled=false
aac_encoder_compiled=true
aac_encoder_scope=private_source_slice_finalizer_only
mp4_muxer_compiled=true
mp4_muxer_scope=private_source_slice_finalizer_and_object_chunk_only
concat_demuxer_compiled=true
concat_demuxer_scope=server_generated_private_source_slice_and_object_chunk_manifests_only
object_mezzanine_chunk_scope=first_30fps_keyframe_zero_compatible_h264_stream_copy_only
flac_encoder_compiled=true
flac_encoder_scope=private_continuous_program_audio_only
continuous_program_audio_scope=30fps_48khz_mono_or_stereo_source_to_lossless_stereo_flac_only
continuous_program_audio_probe_scope=private_streaming_lossless_decode_and_exact_sample_count_only
h264_decode_patent_review=blocked_pending_legal_policy
h264_production_encoding=blocked_not_compiled
