schema=weeditpro-track-all-sam3_1-l4-task-qa-runtime-candidate-v1
operation_id=tool.kornia.refine_mask.v1
product=WeEditPro
image_role=track-all-sam3_1-l4-task-qa
accelerator=nvidia_l4
route_id=l4_standard_primary
gpu_profile=quality_l4_user_triggered_standard_media_job_v1
minimum_idle_instances=0
user_triggered_scale_from_zero=true
runtime_download_allowed=false
cpu_only_substantive_mask_qa_allowed=false
cpu_decode_and_bounded_serialization_only=true
sam_checkpoint_included=false
model_weights_included=false
customer_media_included=false
candidate_base_image=pytorch/pytorch@sha256:b85566342b86d13a67712e9315d40cdc2dad7f8d86df1aff3831f80835edbcca
private_capsule_builder_image=pytorch/pytorch@sha256:b574d4ccf6d8856a5d87dcadc667aa4f95dc18d337ef3a28d02b7b01897d7081
candidate_python=3.12
candidate_torch=2.10.0+cu128
candidate_cuda=12.8
kornia=0.8.3
kornia_rs=0.1.14
numpy=2.2.6
pillow=12.1.0
nvidia_ml_py=13.610.43
packaging=26.3
opencv=4.12.0
opencv_source_commit=49486f61fb25722cbcf586b7f4320921d46fb38e
opencv_source_archive_sha256=8f00b42869ab2836be36090f6631ae4c38ba59171e22a69a8e0f92f8ef1771d4
opencv_source_release_tag_signature_verified=false
opencv_contrib_source_commit=d943e1d61c8bc556a13783e1546ee7c1a9e0b1cf
opencv_contrib_source_archive_sha256=79b55fa0d0edc6b2766f20cc97baf9dcee5f974870d5afeb1f8e3c623623b59b
opencv_contrib_source_release_tag_signature_verified=false
opencv_license_spdx=Apache-2.0
opencv_cuda_architecture=8.9
opencv_fast_math_enabled=false
mask_png_decode=Pillow_strict_grayscale_png_cpu_bounded
opencv_cuda_private_build_receipt_required=true
opencv_cuda_every_mask_crosscheck_required=true
every_sam_manifest_mask_png_reread_required=true
complete_requested_frame_and_subject_coverage_required=true
sampled_measurement_allowed=false
caller_path_url_command_model_environment_allowed=false
cuda_forward_compat_package_name=cuda-compat-12-8
cuda_forward_compat_package_version=570.211.01-0ubuntu1
cuda_forward_compat_package_sha256=e980bf55b8d1f6390f07968df46644c971a52f4e4129067d33d1445fac716893
immutable_image_digest_observed=false
spdx_2_3_sbom_reread=false
artifact_analysis_scan_passed=false
kms_signature_verified=false
slsa_v1_provenance_verified=false
l4_runtime_qualified=false
account_effective_l4_price_reread=false
production_ready=false
