candidate_schema=weeditpro-l4-source-visual-evidence-image-candidate-v1
product=WeEditPro
operation_owner=visual_intelligence
operation_id=visual_intelligence.analyze_media
accelerator_class=nvidia-l4
normal_gpu_primary=true
heavy_model_route=false
user_triggered_scale_from_zero=true
substantive_cpu_media_processing_allowed=false
runtime_network_download_allowed=false
caller_path_url_bytes_command_or_environment_allowed=false
base_image=ccr-2vdh3abv-pub.cnc.bj.baidubce.com/paddlex/paddlex:paddlex3.0.1-paddlepaddle3.0.0-gpu-cuda12.6-cudnn9.5-trt10.5@sha256:555a291984bb03850d4887ca621165f82b150d2b51d78bdcc4050909fef725db
base_image_platform=linux-amd64
node_build_image=node:24-bookworm@sha256:c63c141d44b95acaaad974613337a25493b054a287e07c6e5b195f1e4cad6dd7
cuda_version=12.6
cudnn_version=9.5
paddlepaddle_version=3.0.0
base_paddlex_version=3.0.1
runtime_paddlex_version=3.7.0
paddleocr_version=3.7.0
pyscenedetect_version=0.7.1
opencv_version=private-cuda-build-receipt-required
ffmpeg_version=private-nvdec-nvenc-build-receipt-required
ffprobe_execution_mode=metadata-only
ffmpeg_execution_mode=nvdec-nvenc
opencv_execution_mode=cuda-cudacodec
paddleocr_execution_mode=gpu-0-local-model-pack
ocr_model_family=pp-ocrv6-medium-local-reviewed-pack
ocr_detection_model=PP-OCRv6_medium_det
ocr_recognition_model=PP-OCRv6_medium_rec
ocr_orientation_model=PP-LCNet_x1_0_textline_ori
ocr_inference_engine=paddle_static
runtime_model_download_allowed=false
private_build_capsule_complete_manifest_required=true
private_build_capsule_symlink_allowed=false
private_build_capsule_undeclared_file_allowed=false
private_build_capsule_contains_credentials=false
private_build_capsule_contains_customer_media=false
immutable_image_digest_reread=false
six_tool_gpu_qualification_reread=false
production_ready=false
