platform=linux/amd64
internal_parent_image=reeditpro/ai-graphics-gpu-worker:proof-local
internal_parent_image_sha256=8f83b1b549daac2800c8d86ef785be669340e8b504f948804209c7800fc76df4
sam2_distribution_version=1.0
sam2_source_repository=https://github.com/facebookresearch/sam2.git
sam2_source_revision=2b90b9f5ceec907a1c18123530e92e794ad901a4
sam2_direct_url_sha256=fdb91deb308c348a13be152c36770d10fa38044f6d3d1c179cfc9631e0b2a96f
sam2_source_license=Apache-2.0
sam2_source_license_sha256=c71d239df91726fc519c6eb72d318ec65820627232b2f796219e87dcf35d0ab4
sam2_config_path=sam2/configs/sam2.1/sam2.1_hiera_s.yaml
sam2_config_sha256=0f36b91e86e58d06c87e42997166212468b88b98b60e4d816d5e4d4d088b6f55
torch_version=2.5.1+cu124
torchvision_version=0.20.1+cu124
cuda_build=12.4
checkpoint_slot_id=sam2_checkpoint
checkpoint_artifact_id=meta-sam2.1-hiera-small-checkpoint
checkpoint_revision=ee5bba1d82bb8749febdf90f45e84b687142ba03
checkpoint_file=sam2.1_hiera_small.pt
checkpoint_byte_length=184416285
checkpoint_sha256=6d1aa6f30de5c92224f8172114de081d104bbd23dd9dc5c58996f0cad5dc4d38
runtime_download_allowed=false
network_fetch_allowed=false
cpu_fallback_allowed=false
