FONT_PACK_PROFILE_ID=reeditpro_reviewed_fonts_v2
FONT_PACK_RELEASE_ID=reeditpro-reviewed-noto-caption-fonts-2026-08-04-v1
FONT_PACK_LICENSE_POLICY=SIL-OFL-1.1-only
FONTTOOLS_BUILD_VALIDATION_VERSION=4.38.0
FONTTOOLS_SUBSET_ROUND_TRIP_REQUIRED=true
OPENTYPE_SANITIZER_BUILD_VALIDATION_VERSION=8.2.1
OPENTYPE_SANITIZER_MALFORMED_REJECTION_REQUIRED=true

NOTO_SANS_VERSION=2.015
NOTO_SANS_RELEASE_COMMIT=c4a321e123e4d4ff315f57f4e0adf294fe3a95be
NOTO_SANS_ARCHIVE_URL=https://github.com/notofonts/latin-greek-cyrillic/releases/download/NotoSans-v2.015/NotoSans-v2.015.zip
NOTO_SANS_ARCHIVE_SHA256=0c34df072a3fa7efbb7cbf34950e1f971a4447cffe365d3a359e2d4089b958f5
NOTO_SANS_ARCHIVE_FONT_PATH=NotoSans/hinted/ttf/NotoSans-Regular.ttf
NOTO_SANS_FONT_SHA256=478c558ea716033cd60c03438f628dfa75694dcf6b5f6d505a2f05fd2b4f3823
NOTO_SANS_FONT_BYTES=621572
NOTO_SANS_ARCHIVE_LICENSE_PATH=OFL.txt
NOTO_SANS_LICENSE_SHA256=cee9892f9f0cc8fe882c9e9537ee6a89621d86ee7ceaf70b02e2b2b1c25c061a

NOTO_SANS_ARABIC_VERSION=2.013
NOTO_SANS_ARABIC_RELEASE_COMMIT=1b2b7e5c6ce3ab4d50681c854892325530084c35
NOTO_SANS_ARABIC_ARCHIVE_URL=https://github.com/notofonts/arabic/releases/download/NotoSansArabic-v2.013/NotoSansArabic-v2.013.zip
NOTO_SANS_ARABIC_ARCHIVE_SHA256=1301aceaea84c501cf2e6dcfb3182e2328c8eae5725817fcb239672bda7154f1
NOTO_SANS_ARABIC_ARCHIVE_FONT_PATH=NotoSansArabic/hinted/ttf/NotoSansArabic-Regular.ttf
NOTO_SANS_ARABIC_FONT_SHA256=bdff3e5659d67e67def05b33f749683b9376ae819d65d3dd62ac4640b3aaef48
NOTO_SANS_ARABIC_FONT_BYTES=234892
NOTO_SANS_ARABIC_ARCHIVE_LICENSE_PATH=OFL.txt
NOTO_SANS_ARABIC_LICENSE_SHA256=a7a5a25eb188bf1cd96982030d53e23c33485c69b1044a562254226857ee13af

NOTO_SANS_DEVANAGARI_VERSION=2.006
NOTO_SANS_DEVANAGARI_RELEASE_COMMIT=bb8d2566a1708ef2dcc6396ee2eb261a18967f76
NOTO_SANS_DEVANAGARI_ARCHIVE_URL=https://github.com/notofonts/devanagari/releases/download/NotoSansDevanagari-v2.006/NotoSansDevanagari-v2.006.zip
NOTO_SANS_DEVANAGARI_ARCHIVE_SHA256=4c582c103f0a42836338df07148b23a0aa080cce8393ddc4364af87eb22ebd85
NOTO_SANS_DEVANAGARI_ARCHIVE_FONT_PATH=NotoSansDevanagari/googlefonts/ttf/NotoSansDevanagari-Regular.ttf
NOTO_SANS_DEVANAGARI_FONT_SHA256=da2d2135e978c6f68852cfd8201c3a067df1acf73232fe80c58f89e6302ee6e8
NOTO_SANS_DEVANAGARI_FONT_BYTES=282060
NOTO_SANS_DEVANAGARI_ARCHIVE_LICENSE_PATH=OFL.txt
NOTO_SANS_DEVANAGARI_LICENSE_SHA256=a216f6f8d85c7228093e0ee5e258d9d377e6671f68acb4db1930b29583d0f331

NOTO_SANS_JP_VERSION=2.004
NOTO_SANS_JP_RELEASE_COMMIT=523d033d6cb47f4a80c58a35753646f5c3608a78
NOTO_SANS_JP_ARCHIVE_URL=https://github.com/notofonts/noto-cjk/releases/download/Sans2.004/16_NotoSansJP.zip
NOTO_SANS_JP_ARCHIVE_SHA256=2bbdd2c20f30670b39ca735c96d75f1fdabdb348103e43b820cf17701fd22b18
NOTO_SANS_JP_ARCHIVE_FONT_PATH=NotoSansJP-Regular.otf
NOTO_SANS_JP_FONT_SHA256=dff723ba59d57d136764a04b9b2d03205544f7cd785a711442d6d2d085ac5073
NOTO_SANS_JP_FONT_BYTES=4533028
NOTO_SANS_JP_ARCHIVE_LICENSE_PATH=LICENSE
NOTO_SANS_JP_LICENSE_SHA256=6a73f9541c2de74158c0e7cf6b0a58ef774f5a780bf191f2d7ec9cc53efe2bf2

COLOR_EMOJI_INCLUDED=false
RUNTIME_FONT_DOWNLOAD_ALLOWED=false
CALLER_FONT_PATH_ALLOWED=false
